
Microsoft Visual Studio Solution File, Format Version 12.00
# Visual Studio Version 17
VisualStudioVersion = 17.7.34003.232
MinimumVisualStudioVersion = 10.0.40219.1
Project("{FAE04EC0-301F-11D3-BF4B-00C04F79EFBC}") = "GeradorDeSenhas", "GeradorDeSenhas\GeradorDeSenhas.csproj", "{D5756A3B-610F-4D17-891B-B56DD1E41186}"
EndProject
Global
	GlobalSection(SolutionConfigurationPlatforms) = preSolution
		Debug|Any CPU = Debug|Any CPU
		Release|Any CPU = Release|Any CPU
	EndGlobalSection
	GlobalSection(ProjectConfigurationPlatforms) = postSolution
		{D5756A3B-610F-4D17-891B-B56DD1E41186}.Debug|Any CPU.ActiveCfg = Debug|Any CPU
		{D5756A3B-610F-4D17-891B-B56DD1E41186}.Debug|Any CPU.Build.0 = Debug|Any CPU
		{D5756A3B-610F-4D17-891B-B56DD1E41186}.Release|Any CPU.ActiveCfg = Release|Any CPU
		{D5756A3B-610F-4D17-891B-B56DD1E41186}.Release|Any CPU.Build.0 = Release|Any CPU
	EndGlobalSection
	GlobalSection(SolutionProperties) = preSolution
		HideSolutionNode = FALSE
	EndGlobalSection
	GlobalSection(ExtensibilityGlobals) = postSolution
		SolutionGuid = {46AA4223-18B8-49B3-B1BA-C1A0077CB019}
	EndGlobalSection
EndGlobal
